
Microsoft Visual Studio Solution File, Format Version 12.00
# Visual Studio 15
VisualStudioVersion = 15.0.26430.16
MinimumVisualStudioVersion = 10.0.40219.1
Project("{FAE04EC0-301F-11D3-BF4B-00C04F79EFBC}") = "Test.Paging.PhysicalLevel", "Test.Paging.Physical\Test.Paging.PhysicalLevel.csproj", "{E24D66C5-8B2C-489C-B9C7-A0B6661F848A}"
EndProject
Project("{FAE04EC0-301F-11D3-BF4B-00C04F79EFBC}") = "File.Paging.PhysicalLevel", "File.Paging.PhysicalLevel\File.Paging.PhysicalLevel.csproj", "{48462091-CDBC-4E4E-AEE7-F63665E15A64}"
EndProject
Project("{FAE04EC0-301F-11D3-BF4B-00C04F79EFBC}") = "Benchmark.Paging.PhysicalLevel", "Benchmark.Paging.PhysicalLevel\Benchmark.Paging.PhysicalLevel.csproj", "{9AABDD8B-1446-4E9F-9D73-0194E0CB6353}"
EndProject
Project("{FAE04EC0-301F-11D3-BF4B-00C04F79EFBC}") = "File.Paging.PhysicalLevel.MemoryStubs", "File.Paging.PhysicalLevel.MemoryStubs\File.Paging.PhysicalLevel.MemoryStubs.csproj", "{EEC49949-B064-46A7-8382-43CFE538EC6F}"
EndProject
Project("{FAE04EC0-301F-11D3-BF4B-00C04F79EFBC}") = "Durability.Paging.PhysicalLevel", "Durability.Paging.PhysicalLevel\Durability.Paging.PhysicalLevel.csproj", "{25CB93F8-53FC-42D4-9E84-EE978E12080F}"
EndProject
Project("{FAE04EC0-301F-11D3-BF4B-00C04F79EFBC}") = "Test.Paging.LogicalLevel", "Test.Paging.LogicalLevel\Test.Paging.LogicalLevel.csproj", "{F6EFA8E0-235C-48A4-A59B-CD749FDD127E}"
EndProject
Project("{FAE04EC0-301F-11D3-BF4B-00C04F79EFBC}") = "File.Paging.LogicalLevel", "FIle.Paging.LogicalLevel\File.Paging.LogicalLevel.csproj", "{09D1EE6B-62E5-4C98-BE83-951D5C025308}"
EndProject
Project("{FAE04EC0-301F-11D3-BF4B-00C04F79EFBC}") = "Benchmark.Paging.LogicalLevel", "Benchmark.Paging.LogicalLevel\Benchmark.Paging.LogicalLevel.csproj", "{4F75BCF7-37BD-47F0-B375-358CCE65F6E4}"
EndProject
Project("{FAE04EC0-301F-11D3-BF4B-00C04F79EFBC}") = "Test.Integration.Physical", "Test.Integration.Physical\Test.Integration.Physical.csproj", "{9F33A56C-A01C-40DC-84EA-10E4223819F7}"
EndProject
Project("{FAE04EC0-301F-11D3-BF4B-00C04F79EFBC}") = "ConsoleApp1", "ConsoleApp1\ConsoleApp1.csproj", "{7D0723C8-BD45-4375-AB18-D3F0109DCA22}"
EndProject
Global
	GlobalSection(SolutionConfigurationPlatforms) = preSolution
		Debug|Any CPU = Debug|Any CPU
		Release|Any CPU = Release|Any CPU
	EndGlobalSection
	GlobalSection(ProjectConfigurationPlatforms) = postSolution
		{E24D66C5-8B2C-489C-B9C7-A0B6661F848A}.Debug|Any CPU.ActiveCfg = Debug|Any CPU
		{E24D66C5-8B2C-489C-B9C7-A0B6661F848A}.Debug|Any CPU.Build.0 = Debug|Any CPU
		{E24D66C5-8B2C-489C-B9C7-A0B6661F848A}.Release|Any CPU.ActiveCfg = Release|Any CPU
		{E24D66C5-8B2C-489C-B9C7-A0B6661F848A}.Release|Any CPU.Build.0 = Release|Any CPU
		{48462091-CDBC-4E4E-AEE7-F63665E15A64}.Debug|Any CPU.ActiveCfg = Debug|Any CPU
		{48462091-CDBC-4E4E-AEE7-F63665E15A64}.Debug|Any CPU.Build.0 = Debug|Any CPU
		{48462091-CDBC-4E4E-AEE7-F63665E15A64}.Release|Any CPU.ActiveCfg = Release|Any CPU
		{48462091-CDBC-4E4E-AEE7-F63665E15A64}.Release|Any CPU.Build.0 = Release|Any CPU
		{9AABDD8B-1446-4E9F-9D73-0194E0CB6353}.Debug|Any CPU.ActiveCfg = Debug|Any CPU
		{9AABDD8B-1446-4E9F-9D73-0194E0CB6353}.Debug|Any CPU.Build.0 = Debug|Any CPU
		{9AABDD8B-1446-4E9F-9D73-0194E0CB6353}.Release|Any CPU.ActiveCfg = Release|Any CPU
		{9AABDD8B-1446-4E9F-9D73-0194E0CB6353}.Release|Any CPU.Build.0 = Release|Any CPU
		{EEC49949-B064-46A7-8382-43CFE538EC6F}.Debug|Any CPU.ActiveCfg = Debug|Any CPU
		{EEC49949-B064-46A7-8382-43CFE538EC6F}.Debug|Any CPU.Build.0 = Debug|Any CPU
		{EEC49949-B064-46A7-8382-43CFE538EC6F}.Release|Any CPU.ActiveCfg = Release|Any CPU
		{EEC49949-B064-46A7-8382-43CFE538EC6F}.Release|Any CPU.Build.0 = Release|Any CPU
		{25CB93F8-53FC-42D4-9E84-EE978E12080F}.Debug|Any CPU.ActiveCfg = Debug|Any CPU
		{25CB93F8-53FC-42D4-9E84-EE978E12080F}.Debug|Any CPU.Build.0 = Debug|Any CPU
		{25CB93F8-53FC-42D4-9E84-EE978E12080F}.Release|Any CPU.ActiveCfg = Release|Any CPU
		{25CB93F8-53FC-42D4-9E84-EE978E12080F}.Release|Any CPU.Build.0 = Release|Any CPU
		{F6EFA8E0-235C-48A4-A59B-CD749FDD127E}.Debug|Any CPU.ActiveCfg = Debug|Any CPU
		{F6EFA8E0-235C-48A4-A59B-CD749FDD127E}.Debug|Any CPU.Build.0 = Debug|Any CPU
		{F6EFA8E0-235C-48A4-A59B-CD749FDD127E}.Release|Any CPU.ActiveCfg = Release|Any CPU
		{F6EFA8E0-235C-48A4-A59B-CD749FDD127E}.Release|Any CPU.Build.0 = Release|Any CPU
		{09D1EE6B-62E5-4C98-BE83-951D5C025308}.Debug|Any CPU.ActiveCfg = Debug|Any CPU
		{09D1EE6B-62E5-4C98-BE83-951D5C025308}.Debug|Any CPU.Build.0 = Debug|Any CPU
		{09D1EE6B-62E5-4C98-BE83-951D5C025308}.Release|Any CPU.ActiveCfg = Release|Any CPU
		{09D1EE6B-62E5-4C98-BE83-951D5C025308}.Release|Any CPU.Build.0 = Release|Any CPU
		{4F75BCF7-37BD-47F0-B375-358CCE65F6E4}.Debug|Any CPU.ActiveCfg = Debug|Any CPU
		{4F75BCF7-37BD-47F0-B375-358CCE65F6E4}.Debug|Any CPU.Build.0 = Debug|Any CPU
		{4F75BCF7-37BD-47F0-B375-358CCE65F6E4}.Release|Any CPU.ActiveCfg = Release|Any CPU
		{4F75BCF7-37BD-47F0-B375-358CCE65F6E4}.Release|Any CPU.Build.0 = Release|Any CPU
		{9F33A56C-A01C-40DC-84EA-10E4223819F7}.Debug|Any CPU.ActiveCfg = Debug|Any CPU
		{9F33A56C-A01C-40DC-84EA-10E4223819F7}.Debug|Any CPU.Build.0 = Debug|Any CPU
		{9F33A56C-A01C-40DC-84EA-10E4223819F7}.Release|Any CPU.ActiveCfg = Release|Any CPU
		{9F33A56C-A01C-40DC-84EA-10E4223819F7}.Release|Any CPU.Build.0 = Release|Any CPU
		{7D0723C8-BD45-4375-AB18-D3F0109DCA22}.Debug|Any CPU.ActiveCfg = Debug|Any CPU
		{7D0723C8-BD45-4375-AB18-D3F0109DCA22}.Debug|Any CPU.Build.0 = Debug|Any CPU
		{7D0723C8-BD45-4375-AB18-D3F0109DCA22}.Release|Any CPU.ActiveCfg = Release|Any CPU
		{7D0723C8-BD45-4375-AB18-D3F0109DCA22}.Release|Any CPU.Build.0 = Release|Any CPU
	EndGlobalSection
	GlobalSection(SolutionProperties) = preSolution
		HideSolutionNode = FALSE
	EndGlobalSection
EndGlobal
